
Microsoft Visual Studio Solution File, Format Version 12.00
# Visual Studio Version 17
VisualStudioVersion = 17.9.34723.18
MinimumVisualStudioVersion = 10.0.40219.1
Project("{9A19103F-16F7-4668-BE54-9A1E7A4F7556}") = "ProjectSem2", "..\..\demo_momo\ProjectSem3\ProjectSem3\ProjectSem3\ProjectSem2.csproj", "{65953243-B6DB-4A6E-A067-99ECBD4A7C0D}"
EndProject
Project("{9A19103F-16F7-4668-BE54-9A1E7A4F7556}") = "ProjectSem3", "..\..\demo_momo\ProjectSem3C2208i1_Final\ProjectSem3C2208i1_Final\ProjectSem3\ProjectSem3.csproj", "{6BBAB2DD-3D6A-436B-97D1-47205EE4C845}"
EndProject
Global
	GlobalSection(SolutionConfigurationPlatforms) = preSolution
		Debug|Any CPU = Debug|Any CPU
		Release|Any CPU = Release|Any CPU
	EndGlobalSection
	GlobalSection(ProjectConfigurationPlatforms) = postSolution
		{65953243-B6DB-4A6E-A067-99ECBD4A7C0D}.Debug|Any CPU.ActiveCfg = Debug|Any CPU
		{65953243-B6DB-4A6E-A067-99ECBD4A7C0D}.Debug|Any CPU.Build.0 = Debug|Any CPU
		{65953243-B6DB-4A6E-A067-99ECBD4A7C0D}.Release|Any CPU.ActiveCfg = Release|Any CPU
		{65953243-B6DB-4A6E-A067-99ECBD4A7C0D}.Release|Any CPU.Build.0 = Release|Any CPU
		{6BBAB2DD-3D6A-436B-97D1-47205EE4C845}.Debug|Any CPU.ActiveCfg = Debug|Any CPU
		{6BBAB2DD-3D6A-436B-97D1-47205EE4C845}.Debug|Any CPU.Build.0 = Debug|Any CPU
		{6BBAB2DD-3D6A-436B-97D1-47205EE4C845}.Release|Any CPU.ActiveCfg = Release|Any CPU
		{6BBAB2DD-3D6A-436B-97D1-47205EE4C845}.Release|Any CPU.Build.0 = Release|Any CPU
	EndGlobalSection
	GlobalSection(SolutionProperties) = preSolution
		HideSolutionNode = FALSE
	EndGlobalSection
	GlobalSection(ExtensibilityGlobals) = postSolution
		SolutionGuid = {0645AE3B-A06F-4751-AA55-2C27343D757E}
	EndGlobalSection
EndGlobal
